<?xml version="1.0" encoding="utf-8"?>
<Project ToolsVersion="4.0" xmlns="http://schemas.microsoft.com/developer/msbuild/2003">
  <ItemGroup>
    <Filter Include="Source Files">
      <UniqueIdentifier>{4FC737F1-C7A5-4376-A066-2A32D752A2FF}</UniqueIdentifier>
      <Extensions>cpp;c;cc;cxx;def;odl;idl;hpj;bat;asm;asmx</Extensions>
    </Filter>
    <Filter Include="Header Files">
      <UniqueIdentifier>{93995380-89BD-4b04-88EB-625FBE52EBFB}</UniqueIdentifier>
      <Extensions>h;hh;hpp;hxx;hm;inl;inc;ipp;xsd</Extensions>
    </Filter>
    <Filter Include="Resource Files">
      <UniqueIdentifier>{67DA6AB6-F800-4c08-8B7A-83BB121AAD01}</UniqueIdentifier>
      <Extensions>rc;ico;cur;bmp;dlg;rc2;rct;bin;rgs;gif;jpg;jpeg;jpe;resx;tiff;tif;png;wav;mfcribbon-ms</Extensions>
    </Filter>
    <Filter Include="GameObjects">
      <UniqueIdentifier>{e187569e-804c-4304-b342-6ba38514efb0}</UniqueIdentifier>
    </Filter>
    <Filter Include="GameObjects\Simon">
      <UniqueIdentifier>{64d53cd9-4629-4b9e-adb0-28405c9078cc}</UniqueIdentifier>
    </Filter>
    <Filter Include="GameObjects\Enemy">
      <UniqueIdentifier>{b1bf217f-deb2-478d-9a94-2011bfa73bec}</UniqueIdentifier>
    </Filter>
    <Filter Include="GameScene">
      <UniqueIdentifier>{1fef1194-328d-43c6-b6f8-c04a88216624}</UniqueIdentifier>
    </Filter>
    <Filter Include="FrameWork">
      <UniqueIdentifier>{0a5c57ff-1b3f-4c12-b4e3-b92651ff0303}</UniqueIdentifier>
    </Filter>
    <Filter Include="FrameWork\Game Components">
      <UniqueIdentifier>{38adddb5-e552-4e07-b5f4-bcb04a75bee5}</UniqueIdentifier>
    </Filter>
    <Filter Include="FrameWork\GameControllers">
      <UniqueIdentifier>{a3a21412-ee29-409d-9188-b20d3f90ca8b}</UniqueIdentifier>
    </Filter>
    <Filter Include="GameGraphics">
      <UniqueIdentifier>{79c71a3e-b695-4c26-8107-1ae31a963743}</UniqueIdentifier>
    </Filter>
    <Filter Include="GameObjects\Weapon">
      <UniqueIdentifier>{32af12a9-a1ad-440b-b619-5bbb40bcce34}</UniqueIdentifier>
    </Filter>
    <Filter Include="GameObjects\MapObjects">
      <UniqueIdentifier>{cee63ad9-1831-4606-b4c1-25a90fc06386}</UniqueIdentifier>
    </Filter>
    <Filter Include="GameObjects\Item">
      <UniqueIdentifier>{c0bf54c4-5991-4ff5-a594-d0d6adb57e21}</UniqueIdentifier>
    </Filter>
    <Filter Include="GameSpacePartioning">
      <UniqueIdentifier>{ad08e3a5-2670-4c0b-bc5b-6289d18b124f}</UniqueIdentifier>
    </Filter>
    <Filter Include="GameObjects\Effects">
      <UniqueIdentifier>{9ef827c9-7845-4f9f-8654-6e2128e62045}</UniqueIdentifier>
    </Filter>
    <Filter Include="GameObjects\IntroObjects">
      <UniqueIdentifier>{a773bcd7-c2ef-48a4-ae91-622eb51af7c1}</UniqueIdentifier>
    </Filter>
    <Filter Include="GameScene\GameStage">
      <UniqueIdentifier>{77d97e83-8735-41ed-971d-cb01b0f012ca}</UniqueIdentifier>
    </Filter>
  </ItemGroup>
  <ItemGroup>
    <ClInclude Include="Resource.h">
      <Filter>Header Files</Filter>
    </ClInclude>
    <ClInclude Include="Game.h">
      <Filter>FrameWork\Game Components</Filter>
    </ClInclude>
    <ClInclude Include="GlobalObject.h">
      <Filter>FrameWork\Game Components</Filter>
    </ClInclude>
    <ClInclude Include="Scene.h">
      <Filter>GameScene</Filter>
    </ClInclude>
    <ClInclude Include="IntroScene.h">
      <Filter>GameScene</Filter>
    </ClInclude>
    <ClInclude Include="Simon.h">
      <Filter>GameObjects\Simon</Filter>
    </ClInclude>
    <ClInclude Include="SimonSprites.h">
      <Filter>GameObjects\Simon</Filter>
    </ClInclude>
    <ClInclude Include="Textures.h">
      <Filter>GameGraphics</Filter>
    </ClInclude>
    <ClInclude Include="Sprites.h">
      <Filter>GameGraphics</Filter>
    </ClInclude>
    <ClInclude Include="SpriteDatabase.h">
      <Filter>GameGraphics</Filter>
    </ClInclude>
    <ClInclude Include="TextureDatabase.h">
      <Filter>GameGraphics</Filter>
    </ClInclude>
    <ClInclude Include="GameObject.h">
      <Filter>FrameWork\Game Components</Filter>
    </ClInclude>
    <ClInclude Include="Animations.h">
      <Filter>GameGraphics</Filter>
    </ClInclude>
    <ClInclude Include="AnimationDatabase.h">
      <Filter>GameGraphics</Filter>
    </ClInclude>
    <ClInclude Include="Map.h">
      <Filter>GameGraphics</Filter>
    </ClInclude>
    <ClInclude Include="MapDatabase.h">
      <Filter>GameGraphics</Filter>
    </ClInclude>
    <ClInclude Include="PlayScene.h">
      <Filter>GameScene</Filter>
    </ClInclude>
    <ClInclude Include="SceneManager.h">
      <Filter>FrameWork\GameControllers</Filter>
    </ClInclude>
    <ClInclude Include="SimonState.h">
      <Filter>GameObjects\Simon</Filter>
    </ClInclude>
    <ClInclude Include="SimonStateStanding.h">
      <Filter>GameObjects\Simon</Filter>
    </ClInclude>
    <ClInclude Include="SimonStateWalking.h">
      <Filter>GameObjects\Simon</Filter>
    </ClInclude>
    <ClInclude Include="SimonStateJumping.h">
      <Filter>GameObjects\Simon</Filter>
    </ClInclude>
    <ClInclude Include="SimonStateSitting.h">
      <Filter>GameObjects\Simon</Filter>
    </ClInclude>
    <ClInclude Include="SimonStateFalling.h">
      <Filter>GameObjects\Simon</Filter>
    </ClInclude>
    <ClInclude Include="SimonStateAttacking.h">
      <Filter>GameObjects\Simon</Filter>
    </ClInclude>
    <ClInclude Include="Weapon.h">
      <Filter>GameObjects\Weapon</Filter>
    </ClInclude>
    <ClInclude Include="Whip.h">
      <Filter>GameObjects\Weapon</Filter>
    </ClInclude>
    <ClInclude Include="WeaponSprite.h">
      <Filter>GameObjects\Weapon</Filter>
    </ClInclude>
    <ClInclude Include="Camera.h">
      <Filter>FrameWork\Game Components</Filter>
    </ClInclude>
    <ClInclude Include="Dagger.h">
      <Filter>GameObjects\Weapon</Filter>
    </ClInclude>
    <ClInclude Include="CandleSprite.h">
      <Filter>GameObjects\MapObjects</Filter>
    </ClInclude>
    <ClInclude Include="Brick.h">
      <Filter>GameObjects\MapObjects</Filter>
    </ClInclude>
    <ClInclude Include="Item.h">
      <Filter>GameObjects\Item</Filter>
    </ClInclude>
    <ClInclude Include="ItemSprite.h">
      <Filter>GameObjects\Item</Filter>
    </ClInclude>
    <ClInclude Include="EffectSprite.h">
      <Filter>GameObjects\MapObjects</Filter>
    </ClInclude>
    <ClInclude Include="Enemy.h">
      <Filter>GameObjects\Enemy</Filter>
    </ClInclude>
    <ClInclude Include="Ghost.h">
      <Filter>GameObjects\Enemy</Filter>
    </ClInclude>
    <ClInclude Include="Panther.h">
      <Filter>GameObjects\Enemy</Filter>
    </ClInclude>
    <ClInclude Include="Kappa.h">
      <Filter>GameObjects\Enemy</Filter>
    </ClInclude>
    <ClInclude Include="Bat.h">
      <Filter>GameObjects\Enemy</Filter>
    </ClInclude>
    <ClInclude Include="InvisibleObject.h">
      <Filter>GameObjects\MapObjects</Filter>
    </ClInclude>
    <ClInclude Include="EnemySprites.h">
      <Filter>GameObjects\Enemy</Filter>
    </ClInclude>
    <ClInclude Include="Door.h">
      <Filter>GameObjects\MapObjects</Filter>
    </ClInclude>
    <ClInclude Include="Candle.h">
      <Filter>GameObjects\MapObjects</Filter>
    </ClInclude>
    <ClInclude Include="SimonStateWalkingOnStair.h">
      <Filter>GameObjects\Simon</Filter>
    </ClInclude>
    <ClInclude Include="SimonStateInjured.h">
      <Filter>GameObjects\Simon</Filter>
    </ClInclude>
    <ClInclude Include="DoorSprite.h">
      <Filter>GameObjects\MapObjects</Filter>
    </ClInclude>
    <ClInclude Include="Cell.h">
      <Filter>GameSpacePartioning</Filter>
    </ClInclude>
    <ClInclude Include="Grid.h">
      <Filter>GameSpacePartioning</Filter>
    </ClInclude>
    <ClInclude Include="EnemyBullet.h">
      <Filter>GameObjects\Enemy</Filter>
    </ClInclude>
    <ClInclude Include="StopWatch.h">
      <Filter>GameObjects\Weapon</Filter>
    </ClInclude>
    <ClInclude Include="HolyWater.h">
      <Filter>GameObjects\Weapon</Filter>
    </ClInclude>
    <ClInclude Include="ScoreBoard.h">
      <Filter>FrameWork\Game Components</Filter>
    </ClInclude>
    <ClInclude Include="BrokenBrickEffect.h">
      <Filter>GameObjects\Effects</Filter>
    </ClInclude>
    <ClInclude Include="Effect.h">
      <Filter>GameObjects\Effects</Filter>
    </ClInclude>
    <ClInclude Include="EffectDatabase.h">
      <Filter>GameObjects\Effects</Filter>
    </ClInclude>
    <ClInclude Include="BubbleEffect.h">
      <Filter>GameObjects\Effects</Filter>
    </ClInclude>
    <ClInclude Include="DestroyEffect.h">
      <Filter>GameObjects\Effects</Filter>
    </ClInclude>
    <ClInclude Include="IntroObject.h">
      <Filter>GameObjects\IntroObjects</Filter>
    </ClInclude>
    <ClInclude Include="Axe.h">
      <Filter>GameObjects\Weapon</Filter>
    </ClInclude>
    <ClInclude Include="BatBoss.h">
      <Filter>GameObjects\Enemy</Filter>
    </ClInclude>
    <ClInclude Include="Stage.h">
      <Filter>GameScene\GameStage</Filter>
    </ClInclude>
    <ClInclude Include="StageManager.h">
      <Filter>GameScene\GameStage</Filter>
    </ClInclude>
    <ClInclude Include="OutDoorStage.h">
      <Filter>GameScene\GameStage</Filter>
    </ClInclude>
    <ClInclude Include="BatStage.h">
      <Filter>GameScene\GameStage</Filter>
    </ClInclude>
    <ClInclude Include="IndoorStage.h">
      <Filter>GameScene\GameStage</Filter>
    </ClInclude>
    <ClInclude Include="UnderGroundStage.h">
      <Filter>GameScene\GameStage</Filter>
    </ClInclude>
    <ClInclude Include="BossStage.h">
      <Filter>GameScene\GameStage</Filter>
    </ClInclude>
    <ClInclude Include="SimonDead.h">
      <Filter>GameObjects\Simon</Filter>
    </ClInclude>
  </ItemGroup>
  <ItemGroup>
    <ResourceCompile Include="CastlevaniaUit.rc">
      <Filter>Resource Files</Filter>
    </ResourceCompile>
  </ItemGroup>
  <ItemGroup>
    <Image Include="small.ico">
      <Filter>Resource Files</Filter>
    </Image>
    <Image Include="CastlevaniaUit.ico">
      <Filter>Resource Files</Filter>
    </Image>
  </ItemGroup>
  <ItemGroup>
    <ClCompile Include="Main.cpp">
      <Filter>FrameWork\Game Components</Filter>
    </ClCompile>
    <ClCompile Include="Game.cpp">
      <Filter>FrameWork\Game Components</Filter>
    </ClCompile>
    <ClCompile Include="GlobalObject.cpp">
      <Filter>FrameWork\Game Components</Filter>
    </ClCompile>
    <ClCompile Include="IntroScene.cpp">
      <Filter>GameScene</Filter>
    </ClCompile>
    <ClCompile Include="Sprites.cpp">
      <Filter>GameGraphics</Filter>
    </ClCompile>
    <ClCompile Include="Simon.cpp">
      <Filter>GameObjects\Simon</Filter>
    </ClCompile>
    <ClCompile Include="SimonSprites.cpp">
      <Filter>GameObjects\Simon</Filter>
    </ClCompile>
    <ClCompile Include="Textures.cpp">
      <Filter>GameGraphics</Filter>
    </ClCompile>
    <ClCompile Include="SpriteDatabase.cpp">
      <Filter>GameGraphics</Filter>
    </ClCompile>
    <ClCompile Include="TextureDatabase.cpp">
      <Filter>GameGraphics</Filter>
    </ClCompile>
    <ClCompile Include="GameObject.cpp">
      <Filter>FrameWork\Game Components</Filter>
    </ClCompile>
    <ClCompile Include="Animations.cpp">
      <Filter>GameGraphics</Filter>
    </ClCompile>
    <ClCompile Include="Map.cpp">
      <Filter>GameGraphics</Filter>
    </ClCompile>
    <ClCompile Include="MapDatabase.cpp">
      <Filter>GameGraphics</Filter>
    </ClCompile>
    <ClCompile Include="PlayScene.cpp">
      <Filter>GameScene</Filter>
    </ClCompile>
    <ClCompile Include="SceneManager.cpp">
      <Filter>FrameWork\GameControllers</Filter>
    </ClCompile>
    <ClCompile Include="SimonState.cpp">
      <Filter>GameObjects\Simon</Filter>
    </ClCompile>
    <ClCompile Include="SimonStateStanding.cpp">
      <Filter>GameObjects\Simon</Filter>
    </ClCompile>
    <ClCompile Include="SimonStateWalking.cpp">
      <Filter>GameObjects\Simon</Filter>
    </ClCompile>
    <ClCompile Include="SimonStateJumping.cpp">
      <Filter>GameObjects\Simon</Filter>
    </ClCompile>
    <ClCompile Include="SimonStateSitting.cpp">
      <Filter>GameObjects\Simon</Filter>
    </ClCompile>
    <ClCompile Include="SimonStateFalling.cpp">
      <Filter>GameObjects\Simon</Filter>
    </ClCompile>
    <ClCompile Include="SimonStateAttacking.cpp">
      <Filter>GameObjects\Simon</Filter>
    </ClCompile>
    <ClCompile Include="Weapon.cpp">
      <Filter>GameObjects\Weapon</Filter>
    </ClCompile>
    <ClCompile Include="Whip.cpp">
      <Filter>GameObjects\Weapon</Filter>
    </ClCompile>
    <ClCompile Include="WeaponSprite.cpp">
      <Filter>GameObjects\Weapon</Filter>
    </ClCompile>
    <ClCompile Include="Camera.cpp">
      <Filter>FrameWork\Game Components</Filter>
    </ClCompile>
    <ClCompile Include="Dagger.cpp">
      <Filter>GameObjects\Weapon</Filter>
    </ClCompile>
    <ClCompile Include="Brick.cpp">
      <Filter>GameObjects\MapObjects</Filter>
    </ClCompile>
    <ClCompile Include="Item.cpp">
      <Filter>GameObjects\Item</Filter>
    </ClCompile>
    <ClCompile Include="Ghost.cpp">
      <Filter>GameObjects\Enemy</Filter>
    </ClCompile>
    <ClCompile Include="Panther.cpp">
      <Filter>GameObjects\Enemy</Filter>
    </ClCompile>
    <ClCompile Include="Kappa.cpp">
      <Filter>GameObjects\Enemy</Filter>
    </ClCompile>
    <ClCompile Include="Bat.cpp">
      <Filter>GameObjects\Enemy</Filter>
    </ClCompile>
    <ClCompile Include="Door.cpp">
      <Filter>GameObjects\MapObjects</Filter>
    </ClCompile>
    <ClCompile Include="Candle.cpp">
      <Filter>GameObjects\MapObjects</Filter>
    </ClCompile>
    <ClCompile Include="SimonStateWalkingOnStair.cpp">
      <Filter>GameObjects\Simon</Filter>
    </ClCompile>
    <ClCompile Include="SimonStateInjured.cpp">
      <Filter>GameObjects\Simon</Filter>
    </ClCompile>
    <ClCompile Include="Cell.cpp">
      <Filter>GameSpacePartioning</Filter>
    </ClCompile>
    <ClCompile Include="Grid.cpp">
      <Filter>GameSpacePartioning</Filter>
    </ClCompile>
    <ClCompile Include="EnemyBullet.cpp">
      <Filter>GameObjects\Enemy</Filter>
    </ClCompile>
    <ClCompile Include="StopWatch.cpp">
      <Filter>GameObjects\Weapon</Filter>
    </ClCompile>
    <ClCompile Include="HolyWater.cpp">
      <Filter>GameObjects\Weapon</Filter>
    </ClCompile>
    <ClCompile Include="ScoreBoard.cpp">
      <Filter>FrameWork\Game Components</Filter>
    </ClCompile>
    <ClCompile Include="AnimationDatabase.cpp">
      <Filter>GameGraphics</Filter>
    </ClCompile>
    <ClCompile Include="BrokenBrickEffect.cpp">
      <Filter>GameObjects\Effects</Filter>
    </ClCompile>
    <ClCompile Include="EffectDatabase.cpp">
      <Filter>GameObjects\Effects</Filter>
    </ClCompile>
    <ClCompile Include="BubbleEffect.cpp">
      <Filter>GameObjects\Effects</Filter>
    </ClCompile>
    <ClCompile Include="DestroyEffect.cpp">
      <Filter>GameObjects\Effects</Filter>
    </ClCompile>
    <ClCompile Include="Axe.cpp">
      <Filter>GameObjects\Weapon</Filter>
    </ClCompile>
    <ClCompile Include="BatBoss.cpp">
      <Filter>GameObjects\Enemy</Filter>
    </ClCompile>
    <ClCompile Include="StageManager.cpp">
      <Filter>GameScene\GameStage</Filter>
    </ClCompile>
    <ClCompile Include="OutDoorStage.cpp">
      <Filter>GameScene\GameStage</Filter>
    </ClCompile>
    <ClCompile Include="IndoorStage.cpp">
      <Filter>GameScene\GameStage</Filter>
    </ClCompile>
    <ClCompile Include="BatStage.cpp">
      <Filter>GameScene\GameStage</Filter>
    </ClCompile>
    <ClCompile Include="UnderGroundStage.cpp">
      <Filter>GameScene\GameStage</Filter>
    </ClCompile>
    <ClCompile Include="BossStage.cpp">
      <Filter>GameScene\GameStage</Filter>
    </ClCompile>
    <ClCompile Include="SimonDead.cpp">
      <Filter>GameObjects\Simon</Filter>
    </ClCompile>
  </ItemGroup>
</Project>