<?xml version="1.0" encoding="utf-8"?>
<Project ToolsVersion="4.0" xmlns="http://schemas.microsoft.com/developer/msbuild/2003">
  <ItemGroup>
    <Filter Include="Source Files">
      <UniqueIdentifier>{4FC737F1-C7A5-4376-A066-2A32D752A2FF}</UniqueIdentifier>
      <Extensions>cpp;c;cc;cxx;def;odl;idl;hpj;bat;asm;asmx</Extensions>
    </Filter>
    <Filter Include="Header Files">
      <UniqueIdentifier>{93995380-89BD-4b04-88EB-625FBE52EBFB}</UniqueIdentifier>
      <Extensions>h;hh;hpp;hxx;hm;inl;inc;ipp;xsd</Extensions>
    </Filter>
    <Filter Include="Resource Files">
      <UniqueIdentifier>{67DA6AB6-F800-4c08-8B7A-83BB121AAD01}</UniqueIdentifier>
      <Extensions>rc;ico;cur;bmp;dlg;rc2;rct;bin;rgs;gif;jpg;jpeg;jpe;resx;tiff;tif;png;wav;mfcribbon-ms</Extensions>
    </Filter>
    <Filter Include="GameObjects">
      <UniqueIdentifier>{e187569e-804c-4304-b342-6ba38514efb0}</UniqueIdentifier>
    </Filter>
    <Filter Include="GameObjects\Simon">
      <UniqueIdentifier>{64d53cd9-4629-4b9e-adb0-28405c9078cc}</UniqueIdentifier>
    </Filter>
    <Filter Include="GameObjects\Enemy">
      <UniqueIdentifier>{b1bf217f-deb2-478d-9a94-2011bfa73bec}</UniqueIdentifier>
    </Filter>
    <Filter Include="GameScene">
      <UniqueIdentifier>{1fef1194-328d-43c6-b6f8-c04a88216624}</UniqueIdentifier>
    </Filter>
    <Filter Include="FrameWork">
      <UniqueIdentifier>{0a5c57ff-1b3f-4c12-b4e3-b92651ff0303}</UniqueIdentifier>
    </Filter>
    <Filter Include="FrameWork\Game Components">
      <UniqueIdentifier>{38adddb5-e552-4e07-b5f4-bcb04a75bee5}</UniqueIdentifier>
    </Filter>
    <Filter Include="FrameWork\GameControllers">
      <UniqueIdentifier>{a3a21412-ee29-409d-9188-b20d3f90ca8b}</UniqueIdentifier>
    </Filter>
    <Filter Include="GameGraphics">
      <UniqueIdentifier>{79c71a3e-b695-4c26-8107-1ae31a963743}</UniqueIdentifier>
    </Filter>
  </ItemGroup>
  <ItemGroup>
    <ClInclude Include="Resource.h">
      <Filter>Header Files</Filter>
    </ClInclude>
    <ClInclude Include="Game.h">
      <Filter>FrameWork\Game Components</Filter>
    </ClInclude>
    <ClInclude Include="GlobalObject.h">
      <Filter>FrameWork\Game Components</Filter>
    </ClInclude>
    <ClInclude Include="Scene.h">
      <Filter>GameScene</Filter>
    </ClInclude>
    <ClInclude Include="IntroScene.h">
      <Filter>GameScene</Filter>
    </ClInclude>
    <ClInclude Include="Simon.h">
      <Filter>GameObjects\Simon</Filter>
    </ClInclude>
    <ClInclude Include="SimonSprites.h">
      <Filter>GameObjects\Simon</Filter>
    </ClInclude>
    <ClInclude Include="Textures.h">
      <Filter>GameGraphics</Filter>
    </ClInclude>
    <ClInclude Include="Sprites.h">
      <Filter>GameGraphics</Filter>
    </ClInclude>
    <ClInclude Include="SpriteDatabase.h">
      <Filter>GameGraphics</Filter>
    </ClInclude>
    <ClInclude Include="TextureDatabase.h">
      <Filter>GameGraphics</Filter>
    </ClInclude>
    <ClInclude Include="GameObject.h">
      <Filter>FrameWork\Game Components</Filter>
    </ClInclude>
    <ClInclude Include="Animations.h">
      <Filter>GameGraphics</Filter>
    </ClInclude>
    <ClInclude Include="AnimationDatabase.h">
      <Filter>GameGraphics</Filter>
    </ClInclude>
    <ClInclude Include="ViewPort.h">
      <Filter>FrameWork\Game Components</Filter>
    </ClInclude>
    <ClInclude Include="Map.h">
      <Filter>GameGraphics</Filter>
    </ClInclude>
    <ClInclude Include="MapDatabase.h">
      <Filter>GameGraphics</Filter>
    </ClInclude>
    <ClInclude Include="PlayScene.h">
      <Filter>GameScene</Filter>
    </ClInclude>
    <ClInclude Include="SceneManager.h">
      <Filter>FrameWork\GameControllers</Filter>
    </ClInclude>
    <ClInclude Include="SimonState.h">
      <Filter>GameObjects\Simon</Filter>
    </ClInclude>
    <ClInclude Include="SimonStateStanding.h">
      <Filter>GameObjects\Simon</Filter>
    </ClInclude>
    <ClInclude Include="SimonStateWalking.h">
      <Filter>GameObjects\Simon</Filter>
    </ClInclude>
    <ClInclude Include="PlayerData.h">
      <Filter>GameObjects\Simon</Filter>
    </ClInclude>
  </ItemGroup>
  <ItemGroup>
    <ResourceCompile Include="CastlevaniaUit.rc">
      <Filter>Resource Files</Filter>
    </ResourceCompile>
  </ItemGroup>
  <ItemGroup>
    <Image Include="small.ico">
      <Filter>Resource Files</Filter>
    </Image>
    <Image Include="CastlevaniaUit.ico">
      <Filter>Resource Files</Filter>
    </Image>
  </ItemGroup>
  <ItemGroup>
    <ClCompile Include="Main.cpp">
      <Filter>FrameWork\Game Components</Filter>
    </ClCompile>
    <ClCompile Include="Game.cpp">
      <Filter>FrameWork\Game Components</Filter>
    </ClCompile>
    <ClCompile Include="GlobalObject.cpp">
      <Filter>FrameWork\Game Components</Filter>
    </ClCompile>
    <ClCompile Include="Scene.cpp">
      <Filter>GameScene</Filter>
    </ClCompile>
    <ClCompile Include="IntroScene.cpp">
      <Filter>GameScene</Filter>
    </ClCompile>
    <ClCompile Include="Sprites.cpp">
      <Filter>GameGraphics</Filter>
    </ClCompile>
    <ClCompile Include="Simon.cpp">
      <Filter>GameObjects\Simon</Filter>
    </ClCompile>
    <ClCompile Include="SimonSprites.cpp">
      <Filter>GameObjects\Simon</Filter>
    </ClCompile>
    <ClCompile Include="Textures.cpp">
      <Filter>GameGraphics</Filter>
    </ClCompile>
    <ClCompile Include="SpriteDatabase.cpp">
      <Filter>GameGraphics</Filter>
    </ClCompile>
    <ClCompile Include="TextureDatabase.cpp">
      <Filter>GameGraphics</Filter>
    </ClCompile>
    <ClCompile Include="GameObject.cpp">
      <Filter>FrameWork\Game Components</Filter>
    </ClCompile>
    <ClCompile Include="Animations.cpp">
      <Filter>GameGraphics</Filter>
    </ClCompile>
    <ClCompile Include="AnimationDatabase.cpp">
      <Filter>GameGraphics</Filter>
    </ClCompile>
    <ClCompile Include="ViewPort.cpp">
      <Filter>FrameWork\Game Components</Filter>
    </ClCompile>
    <ClCompile Include="Map.cpp">
      <Filter>GameGraphics</Filter>
    </ClCompile>
    <ClCompile Include="MapDatabase.cpp">
      <Filter>GameGraphics</Filter>
    </ClCompile>
    <ClCompile Include="PlayScene.cpp">
      <Filter>GameScene</Filter>
    </ClCompile>
    <ClCompile Include="SceneManager.cpp">
      <Filter>FrameWork\GameControllers</Filter>
    </ClCompile>
    <ClCompile Include="SimonState.cpp">
      <Filter>GameObjects\Simon</Filter>
    </ClCompile>
    <ClCompile Include="SimonStateStanding.cpp">
      <Filter>GameObjects\Simon</Filter>
    </ClCompile>
    <ClCompile Include="SimonStateWalking.cpp">
      <Filter>GameObjects\Simon</Filter>
    </ClCompile>
    <ClCompile Include="PlayerData.cpp">
      <Filter>GameObjects\Simon</Filter>
    </ClCompile>
  </ItemGroup>
</Project>