
Microsoft Visual Studio Solution File, Format Version 12.00
# Visual Studio 15
VisualStudioVersion = 15.0.28307.757
MinimumVisualStudioVersion = 10.0.40219.1
Project("{8BC9CEB8-8B4A-11D0-8D11-00A0C91BC942}") = "CastlevaniaUit", "CastlevaniaUit\CastlevaniaUit.vcxproj", "{69D7EF8B-C891-4343-B7A5-02CC6974B849}"
EndProject
Global
	GlobalSection(SolutionConfigurationPlatforms) = preSolution
		Debug|x64 = Debug|x64
		Debug|x86 = Debug|x86
		Release|x64 = Release|x64
		Release|x86 = Release|x86
	EndGlobalSection
	GlobalSection(ProjectConfigurationPlatforms) = postSolution
		{69D7EF8B-C891-4343-B7A5-02CC6974B849}.Debug|x64.ActiveCfg = Debug|x64
		{69D7EF8B-C891-4343-B7A5-02CC6974B849}.Debug|x64.Build.0 = Debug|x64
		{69D7EF8B-C891-4343-B7A5-02CC6974B849}.Debug|x86.ActiveCfg = Debug|Win32
		{69D7EF8B-C891-4343-B7A5-02CC6974B849}.Debug|x86.Build.0 = Debug|Win32
		{69D7EF8B-C891-4343-B7A5-02CC6974B849}.Release|x64.ActiveCfg = Release|x64
		{69D7EF8B-C891-4343-B7A5-02CC6974B849}.Release|x64.Build.0 = Release|x64
		{69D7EF8B-C891-4343-B7A5-02CC6974B849}.Release|x86.ActiveCfg = Release|Win32
		{69D7EF8B-C891-4343-B7A5-02CC6974B849}.Release|x86.Build.0 = Release|Win32
	EndGlobalSection
	GlobalSection(SolutionProperties) = preSolution
		HideSolutionNode = FALSE
	EndGlobalSection
	GlobalSection(ExtensibilityGlobals) = postSolution
		SolutionGuid = {ECA33E85-E819-4C16-A36A-6FDF6C189A09}
	EndGlobalSection
EndGlobal
